
Microsoft Visual Studio Solution File, Format Version 12.00
# Visual Studio Version 17
VisualStudioVersion = 17.4.33213.308
MinimumVisualStudioVersion = 10.0.40219.1
Project("{9A19103F-16F7-4668-BE54-9A1E7A4F7556}") = "ApiComparison", "ApiComparison\ApiComparison.csproj", "{149393F9-AB79-4BF8-98E7-B12194179E05}"
EndProject
Project("{9A19103F-16F7-4668-BE54-9A1E7A4F7556}") = "ApiComparison.Domain", "ApComparison.Domain\ApiComparison.Domain.csproj", "{A86A5B00-CDAA-46AD-BFFA-CDD36627EB3F}"
EndProject
Project("{FAE04EC0-301F-11D3-BF4B-00C04F79EFBC}") = "ApiComparison.EfCore.Persistence", "ApiComparison.Persistence\ApiComparison.EfCore.Persistence.csproj", "{429ACED8-81BE-4B13-9476-6B203CFB7A16}"
EndProject
Global
	GlobalSection(SolutionConfigurationPlatforms) = preSolution
		Debug|Any CPU = Debug|Any CPU
		Release|Any CPU = Release|Any CPU
	EndGlobalSection
	GlobalSection(ProjectConfigurationPlatforms) = postSolution
		{149393F9-AB79-4BF8-98E7-B12194179E05}.Debug|Any CPU.ActiveCfg = Debug|Any CPU
		{149393F9-AB79-4BF8-98E7-B12194179E05}.Debug|Any CPU.Build.0 = Debug|Any CPU
		{149393F9-AB79-4BF8-98E7-B12194179E05}.Release|Any CPU.ActiveCfg = Release|Any CPU
		{149393F9-AB79-4BF8-98E7-B12194179E05}.Release|Any CPU.Build.0 = Release|Any CPU
		{A86A5B00-CDAA-46AD-BFFA-CDD36627EB3F}.Debug|Any CPU.ActiveCfg = Debug|Any CPU
		{A86A5B00-CDAA-46AD-BFFA-CDD36627EB3F}.Debug|Any CPU.Build.0 = Debug|Any CPU
		{A86A5B00-CDAA-46AD-BFFA-CDD36627EB3F}.Release|Any CPU.ActiveCfg = Release|Any CPU
		{A86A5B00-CDAA-46AD-BFFA-CDD36627EB3F}.Release|Any CPU.Build.0 = Release|Any CPU
		{429ACED8-81BE-4B13-9476-6B203CFB7A16}.Debug|Any CPU.ActiveCfg = Debug|Any CPU
		{429ACED8-81BE-4B13-9476-6B203CFB7A16}.Debug|Any CPU.Build.0 = Debug|Any CPU
		{429ACED8-81BE-4B13-9476-6B203CFB7A16}.Release|Any CPU.ActiveCfg = Release|Any CPU
		{429ACED8-81BE-4B13-9476-6B203CFB7A16}.Release|Any CPU.Build.0 = Release|Any CPU
	EndGlobalSection
	GlobalSection(SolutionProperties) = preSolution
		HideSolutionNode = FALSE
	EndGlobalSection
	GlobalSection(ExtensibilityGlobals) = postSolution
		SolutionGuid = {75AA2491-7F87-45D7-B8F4-7BF0F1221413}
	EndGlobalSection
EndGlobal
